
Microsoft Visual Studio Solution File, Format Version 12.00
# Visual Studio Version 17
VisualStudioVersion = 17.7.34009.444
MinimumVisualStudioVersion = 10.0.40219.1
Project("{9A19103F-16F7-4668-BE54-9A1E7A4F7556}") = "Banking-v1", "Banking-v1\Banking-v1.csproj", "{C07AF51D-C6F9-4AAB-B174-E54E6FDE6FA2}"
EndProject
Project("{FAE04EC0-301F-11D3-BF4B-00C04F79EFBC}") = "BankTest01", "BankTest01\BankTest01.csproj", "{43BB0214-2E68-45C6-AA5F-EB7EDC095635}"
EndProject
Global
	GlobalSection(SolutionConfigurationPlatforms) = preSolution
		Debug|Any CPU = Debug|Any CPU
		Release|Any CPU = Release|Any CPU
	EndGlobalSection
	GlobalSection(ProjectConfigurationPlatforms) = postSolution
		{C07AF51D-C6F9-4AAB-B174-E54E6FDE6FA2}.Debug|Any CPU.ActiveCfg = Debug|Any CPU
		{C07AF51D-C6F9-4AAB-B174-E54E6FDE6FA2}.Debug|Any CPU.Build.0 = Debug|Any CPU
		{C07AF51D-C6F9-4AAB-B174-E54E6FDE6FA2}.Release|Any CPU.ActiveCfg = Release|Any CPU
		{C07AF51D-C6F9-4AAB-B174-E54E6FDE6FA2}.Release|Any CPU.Build.0 = Release|Any CPU
		{43BB0214-2E68-45C6-AA5F-EB7EDC095635}.Debug|Any CPU.ActiveCfg = Debug|Any CPU
		{43BB0214-2E68-45C6-AA5F-EB7EDC095635}.Debug|Any CPU.Build.0 = Debug|Any CPU
		{43BB0214-2E68-45C6-AA5F-EB7EDC095635}.Release|Any CPU.ActiveCfg = Release|Any CPU
		{43BB0214-2E68-45C6-AA5F-EB7EDC095635}.Release|Any CPU.Build.0 = Release|Any CPU
	EndGlobalSection
	GlobalSection(SolutionProperties) = preSolution
		HideSolutionNode = FALSE
	EndGlobalSection
	GlobalSection(ExtensibilityGlobals) = postSolution
		SolutionGuid = {BA87E49C-20FA-40D4-B9DB-A379C35D5696}
	EndGlobalSection
EndGlobal
